
Microsoft Visual Studio Solution File, Format Version 12.00
# Visual Studio Version 17
VisualStudioVersion = 17.11.35431.28
MinimumVisualStudioVersion = 10.0.40219.1
Project("{9A19103F-16F7-4668-BE54-9A1E7A4F7556}") = "Demo01", "Demo01\Demo01.csproj", "{7FE00B5A-B3E8-41BA-ABB8-1D87FA5CC4BC}"
EndProject
Project("{9A19103F-16F7-4668-BE54-9A1E7A4F7556}") = "Demo02", "Demo02\Demo02.csproj", "{D226EF47-95C0-4DDC-B2AE-5F6279947EC3}"
EndProject
Project("{2150E333-8FDC-42A3-9474-1A3956D46DE8}") = "Solution Items", "Solution Items", "{3A103EC6-3312-4C09-AED6-019C94A0027F}"
	ProjectSection(SolutionItems) = preProject
		.gitignore = .gitignore
		Demo12\Demo12.csproj = Demo12\Demo12.csproj
		FunWithFlags.md = FunWithFlags.md
		README.md = README.md
		TODO.md = TODO.md
	EndProjectSection
EndProject
Project("{9A19103F-16F7-4668-BE54-9A1E7A4F7556}") = "Demo03", "Demo03\Demo03.csproj", "{2A7AC09F-EDF9-4A63-8802-6AC03C3F44B4}"
EndProject
Project("{9A19103F-16F7-4668-BE54-9A1E7A4F7556}") = "Demo04", "Demo04\Demo04.csproj", "{24B389F1-2332-4A1C-9C45-D8DB168B783E}"
EndProject
Project("{9A19103F-16F7-4668-BE54-9A1E7A4F7556}") = "Demo05", "Demo05\Demo05.csproj", "{B6DCC27B-77D6-4BA0-8D62-DA0C97C6BEE3}"
EndProject
Project("{9A19103F-16F7-4668-BE54-9A1E7A4F7556}") = "Demo06", "Demo06\Demo06.csproj", "{60ACA1D1-EDB8-460F-82D5-5EFC6CC29970}"
EndProject
Project("{9A19103F-16F7-4668-BE54-9A1E7A4F7556}") = "Demo07", "Demo07\Demo07.csproj", "{EBDDCDA1-532C-45F0-896A-42B131069C1A}"
EndProject
Project("{9A19103F-16F7-4668-BE54-9A1E7A4F7556}") = "Demo08", "Demo08\Demo08.csproj", "{D972B906-13A7-4B94-935C-CF6FC624DA24}"
EndProject
Project("{9A19103F-16F7-4668-BE54-9A1E7A4F7556}") = "Demo11", "Demo11\Demo11.csproj", "{A5BFC7DE-0CF5-4462-A37B-359286F0BDBC}"
EndProject
Global
	GlobalSection(SolutionConfigurationPlatforms) = preSolution
		Debug|Any CPU = Debug|Any CPU
		Release|Any CPU = Release|Any CPU
	EndGlobalSection
	GlobalSection(ProjectConfigurationPlatforms) = postSolution
		{7FE00B5A-B3E8-41BA-ABB8-1D87FA5CC4BC}.Debug|Any CPU.ActiveCfg = Debug|Any CPU
		{7FE00B5A-B3E8-41BA-ABB8-1D87FA5CC4BC}.Debug|Any CPU.Build.0 = Debug|Any CPU
		{7FE00B5A-B3E8-41BA-ABB8-1D87FA5CC4BC}.Release|Any CPU.ActiveCfg = Release|Any CPU
		{7FE00B5A-B3E8-41BA-ABB8-1D87FA5CC4BC}.Release|Any CPU.Build.0 = Release|Any CPU
		{D226EF47-95C0-4DDC-B2AE-5F6279947EC3}.Debug|Any CPU.ActiveCfg = Debug|Any CPU
		{D226EF47-95C0-4DDC-B2AE-5F6279947EC3}.Debug|Any CPU.Build.0 = Debug|Any CPU
		{D226EF47-95C0-4DDC-B2AE-5F6279947EC3}.Release|Any CPU.ActiveCfg = Release|Any CPU
		{D226EF47-95C0-4DDC-B2AE-5F6279947EC3}.Release|Any CPU.Build.0 = Release|Any CPU
		{2A7AC09F-EDF9-4A63-8802-6AC03C3F44B4}.Debug|Any CPU.ActiveCfg = Debug|Any CPU
		{2A7AC09F-EDF9-4A63-8802-6AC03C3F44B4}.Debug|Any CPU.Build.0 = Debug|Any CPU
		{2A7AC09F-EDF9-4A63-8802-6AC03C3F44B4}.Release|Any CPU.ActiveCfg = Release|Any CPU
		{2A7AC09F-EDF9-4A63-8802-6AC03C3F44B4}.Release|Any CPU.Build.0 = Release|Any CPU
		{24B389F1-2332-4A1C-9C45-D8DB168B783E}.Debug|Any CPU.ActiveCfg = Debug|Any CPU
		{24B389F1-2332-4A1C-9C45-D8DB168B783E}.Debug|Any CPU.Build.0 = Debug|Any CPU
		{24B389F1-2332-4A1C-9C45-D8DB168B783E}.Release|Any CPU.ActiveCfg = Release|Any CPU
		{24B389F1-2332-4A1C-9C45-D8DB168B783E}.Release|Any CPU.Build.0 = Release|Any CPU
		{B6DCC27B-77D6-4BA0-8D62-DA0C97C6BEE3}.Debug|Any CPU.ActiveCfg = Debug|Any CPU
		{B6DCC27B-77D6-4BA0-8D62-DA0C97C6BEE3}.Debug|Any CPU.Build.0 = Debug|Any CPU
		{B6DCC27B-77D6-4BA0-8D62-DA0C97C6BEE3}.Release|Any CPU.ActiveCfg = Release|Any CPU
		{B6DCC27B-77D6-4BA0-8D62-DA0C97C6BEE3}.Release|Any CPU.Build.0 = Release|Any CPU
		{60ACA1D1-EDB8-460F-82D5-5EFC6CC29970}.Debug|Any CPU.ActiveCfg = Debug|Any CPU
		{60ACA1D1-EDB8-460F-82D5-5EFC6CC29970}.Debug|Any CPU.Build.0 = Debug|Any CPU
		{60ACA1D1-EDB8-460F-82D5-5EFC6CC29970}.Release|Any CPU.ActiveCfg = Release|Any CPU
		{60ACA1D1-EDB8-460F-82D5-5EFC6CC29970}.Release|Any CPU.Build.0 = Release|Any CPU
		{EBDDCDA1-532C-45F0-896A-42B131069C1A}.Debug|Any CPU.ActiveCfg = Debug|Any CPU
		{EBDDCDA1-532C-45F0-896A-42B131069C1A}.Debug|Any CPU.Build.0 = Debug|Any CPU
		{EBDDCDA1-532C-45F0-896A-42B131069C1A}.Release|Any CPU.ActiveCfg = Release|Any CPU
		{EBDDCDA1-532C-45F0-896A-42B131069C1A}.Release|Any CPU.Build.0 = Release|Any CPU
		{D972B906-13A7-4B94-935C-CF6FC624DA24}.Debug|Any CPU.ActiveCfg = Debug|Any CPU
		{D972B906-13A7-4B94-935C-CF6FC624DA24}.Debug|Any CPU.Build.0 = Debug|Any CPU
		{D972B906-13A7-4B94-935C-CF6FC624DA24}.Release|Any CPU.ActiveCfg = Release|Any CPU
		{D972B906-13A7-4B94-935C-CF6FC624DA24}.Release|Any CPU.Build.0 = Release|Any CPU
		{A5BFC7DE-0CF5-4462-A37B-359286F0BDBC}.Debug|Any CPU.ActiveCfg = Debug|Any CPU
		{A5BFC7DE-0CF5-4462-A37B-359286F0BDBC}.Debug|Any CPU.Build.0 = Debug|Any CPU
		{A5BFC7DE-0CF5-4462-A37B-359286F0BDBC}.Release|Any CPU.ActiveCfg = Release|Any CPU
		{A5BFC7DE-0CF5-4462-A37B-359286F0BDBC}.Release|Any CPU.Build.0 = Release|Any CPU
	EndGlobalSection
	GlobalSection(SolutionProperties) = preSolution
		HideSolutionNode = FALSE
	EndGlobalSection
	GlobalSection(ExtensibilityGlobals) = postSolution
		SolutionGuid = {67CAB974-CC07-41CC-899E-C9FBF4119044}
	EndGlobalSection
EndGlobal
